
Microsoft Visual Studio Solution File, Format Version 12.00
# Visual Studio Version 16
VisualStudioVersion = 16.0.29709.97
MinimumVisualStudioVersion = 10.0.40219.1
Project("{FAE04EC0-301F-11D3-BF4B-00C04F79EFBC}") = "Milestone_2_Test", "Milestone_2_Test\Milestone_2_Test.csproj", "{C97E623A-1E41-4F6A-94C2-5E9E02643220}"
EndProject
Global
	GlobalSection(SolutionConfigurationPlatforms) = preSolution
		Debug|Any CPU = Debug|Any CPU
		Release|Any CPU = Release|Any CPU
	EndGlobalSection
	GlobalSection(ProjectConfigurationPlatforms) = postSolution
		{C97E623A-1E41-4F6A-94C2-5E9E02643220}.Debug|Any CPU.ActiveCfg = Debug|Any CPU
		{C97E623A-1E41-4F6A-94C2-5E9E02643220}.Debug|Any CPU.Build.0 = Debug|Any CPU
		{C97E623A-1E41-4F6A-94C2-5E9E02643220}.Release|Any CPU.ActiveCfg = Release|Any CPU
		{C97E623A-1E41-4F6A-94C2-5E9E02643220}.Release|Any CPU.Build.0 = Release|Any CPU
	EndGlobalSection
	GlobalSection(SolutionProperties) = preSolution
		HideSolutionNode = FALSE
	EndGlobalSection
	GlobalSection(ExtensibilityGlobals) = postSolution
		SolutionGuid = {D9531AFC-C6E4-4A28-B412-BD92BBC84394}
	EndGlobalSection
EndGlobal
